{
  "name": "extra-session-09",
  "lockfileVersion": 3,
  "requires": true,
  "packages": {
    "": {
      "dependencies": {
        "cowsayjs": "^2.0.0"
      }
    },
    "node_modules/cowsayjs": {
      "version": "2.0.0",
      "resolved": "https://registry.npmjs.org/cowsayjs/-/cowsayjs-2.0.0.tgz",
      "integrity": "sha512-tnLvCAO9iL64dt8NEWidLx70LDm8kjvLAiZpd3ZFCyxYqnB5pyLGskdwDOsrrMj2Hp1oMujgCBMr8ua7l5EAdg==",
      "license": "MIT",
      "bin": {
        "cowsayjs": "cli/cowsay.js",
        "cowthinkjs": "cli/cowthink.js",
        "moojs": "cli/moo.js"
      },
      "engines": {
        "node": "*"
      }
    }
  }
}
